
Microsoft Visual Studio Solution File, Format Version 12.00
# Visual Studio 15
VisualStudioVersion = 15.0.28307.136
MinimumVisualStudioVersion = 10.0.40219.1
Project("{151D2E53-A2C4-4D7D-83FE-D05416EBD58E}") = "Azure-Lab-vNet", "Azure-Lab-vNet\Azure-Lab-vNet.deployproj", "{0BF8CEFC-C6D9-4DFF-AB93-26BD68EA40C6}"
EndProject
Global
	GlobalSection(SolutionConfigurationPlatforms) = preSolution
		Debug|Any CPU = Debug|Any CPU
		Release|Any CPU = Release|Any CPU
	EndGlobalSection
	GlobalSection(ProjectConfigurationPlatforms) = postSolution
		{0BF8CEFC-C6D9-4DFF-AB93-26BD68EA40C6}.Debug|Any CPU.ActiveCfg = Debug|Any CPU
		{0BF8CEFC-C6D9-4DFF-AB93-26BD68EA40C6}.Debug|Any CPU.Build.0 = Debug|Any CPU
		{0BF8CEFC-C6D9-4DFF-AB93-26BD68EA40C6}.Release|Any CPU.ActiveCfg = Release|Any CPU
		{0BF8CEFC-C6D9-4DFF-AB93-26BD68EA40C6}.Release|Any CPU.Build.0 = Release|Any CPU
	EndGlobalSection
	GlobalSection(SolutionProperties) = preSolution
		HideSolutionNode = FALSE
	EndGlobalSection
	GlobalSection(ExtensibilityGlobals) = postSolution
		SolutionGuid = {51F1A7AE-3B7A-4F4C-BD40-1A55DBA0537E}
	EndGlobalSection
EndGlobal
